
Microsoft Visual Studio Solution File, Format Version 12.00
# Visual Studio Version 17
VisualStudioVersion = 17.8.34330.188
MinimumVisualStudioVersion = 10.0.40219.1
Project("{FAE04EC0-301F-11D3-BF4B-00C04F79EFBC}") = "SwiftPay", "SwiftPay\SwiftPay.csproj", "{F7D6208D-CF2E-4C29-BCE5-D2FBC4ACECE3}"
EndProject
Project("{FAE04EC0-301F-11D3-BF4B-00C04F79EFBC}") = "TestSwiftPay", "TestSwiftPay\TestSwiftPay.csproj", "{FCB751B6-681D-460D-8DC1-458B77254314}"
EndProject
Global
	GlobalSection(SolutionConfigurationPlatforms) = preSolution
		Debug|Any CPU = Debug|Any CPU
		Release|Any CPU = Release|Any CPU
	EndGlobalSection
	GlobalSection(ProjectConfigurationPlatforms) = postSolution
		{F7D6208D-CF2E-4C29-BCE5-D2FBC4ACECE3}.Debug|Any CPU.ActiveCfg = Debug|Any CPU
		{F7D6208D-CF2E-4C29-BCE5-D2FBC4ACECE3}.Debug|Any CPU.Build.0 = Debug|Any CPU
		{F7D6208D-CF2E-4C29-BCE5-D2FBC4ACECE3}.Release|Any CPU.ActiveCfg = Release|Any CPU
		{F7D6208D-CF2E-4C29-BCE5-D2FBC4ACECE3}.Release|Any CPU.Build.0 = Release|Any CPU
		{FCB751B6-681D-460D-8DC1-458B77254314}.Debug|Any CPU.ActiveCfg = Debug|Any CPU
		{FCB751B6-681D-460D-8DC1-458B77254314}.Debug|Any CPU.Build.0 = Debug|Any CPU
		{FCB751B6-681D-460D-8DC1-458B77254314}.Release|Any CPU.ActiveCfg = Release|Any CPU
		{FCB751B6-681D-460D-8DC1-458B77254314}.Release|Any CPU.Build.0 = Release|Any CPU
	EndGlobalSection
	GlobalSection(SolutionProperties) = preSolution
		HideSolutionNode = FALSE
	EndGlobalSection
	GlobalSection(ExtensibilityGlobals) = postSolution
		SolutionGuid = {714E9A43-B42D-4FFD-B452-0CC6BDF1B4F7}
	EndGlobalSection
EndGlobal
